
Microsoft Visual Studio Solution File, Format Version 12.00
# Visual Studio 2012
Project("{FAE04EC0-301F-11D3-BF4B-00C04F79EFBC}") = "BasicWMS.Model", "BasicWMS.Models\BasicWMS.Model.csproj", "{8442BC9A-67B1-4813-952C-F97AF9AED7F0}"
EndProject
Project("{FAE04EC0-301F-11D3-BF4B-00C04F79EFBC}") = "BasicWMS.Data", "BasicWMS.Data\BasicWMS.Data.csproj", "{A03E4C51-E3AC-4C0D-A05B-C005025EA6DE}"
EndProject
Project("{FAE04EC0-301F-11D3-BF4B-00C04F79EFBC}") = "BasicWMS.Service", "BasicWMS.Service\BasicWMS.Service.csproj", "{80CE4B59-294C-4C07-9424-84C688C05CDA}"
EndProject
Project("{FAE04EC0-301F-11D3-BF4B-00C04F79EFBC}") = "BasicWMS.Tests", "BasicWMS.Tests\BasicWMS.Tests.csproj", "{79449EBE-63CB-4F44-AB21-71C416FF7B74}"
EndProject
Project("{FAE04EC0-301F-11D3-BF4B-00C04F79EFBC}") = "BasicWMS", "BasicWMS\BasicWMS.csproj", "{6687BA68-C370-4688-AA94-9F89A60B4FEB}"
EndProject
Global
	GlobalSection(SolutionConfigurationPlatforms) = preSolution
		Debug|Any CPU = Debug|Any CPU
		Release|Any CPU = Release|Any CPU
	EndGlobalSection
	GlobalSection(ProjectConfigurationPlatforms) = postSolution
		{8442BC9A-67B1-4813-952C-F97AF9AED7F0}.Debug|Any CPU.ActiveCfg = Debug|Any CPU
		{8442BC9A-67B1-4813-952C-F97AF9AED7F0}.Debug|Any CPU.Build.0 = Debug|Any CPU
		{8442BC9A-67B1-4813-952C-F97AF9AED7F0}.Release|Any CPU.ActiveCfg = Release|Any CPU
		{8442BC9A-67B1-4813-952C-F97AF9AED7F0}.Release|Any CPU.Build.0 = Release|Any CPU
		{A03E4C51-E3AC-4C0D-A05B-C005025EA6DE}.Debug|Any CPU.ActiveCfg = Debug|Any CPU
		{A03E4C51-E3AC-4C0D-A05B-C005025EA6DE}.Debug|Any CPU.Build.0 = Debug|Any CPU
		{A03E4C51-E3AC-4C0D-A05B-C005025EA6DE}.Release|Any CPU.ActiveCfg = Release|Any CPU
		{A03E4C51-E3AC-4C0D-A05B-C005025EA6DE}.Release|Any CPU.Build.0 = Release|Any CPU
		{80CE4B59-294C-4C07-9424-84C688C05CDA}.Debug|Any CPU.ActiveCfg = Debug|Any CPU
		{80CE4B59-294C-4C07-9424-84C688C05CDA}.Debug|Any CPU.Build.0 = Debug|Any CPU
		{80CE4B59-294C-4C07-9424-84C688C05CDA}.Release|Any CPU.ActiveCfg = Release|Any CPU
		{80CE4B59-294C-4C07-9424-84C688C05CDA}.Release|Any CPU.Build.0 = Release|Any CPU
		{79449EBE-63CB-4F44-AB21-71C416FF7B74}.Debug|Any CPU.ActiveCfg = Debug|Any CPU
		{79449EBE-63CB-4F44-AB21-71C416FF7B74}.Debug|Any CPU.Build.0 = Debug|Any CPU
		{79449EBE-63CB-4F44-AB21-71C416FF7B74}.Release|Any CPU.ActiveCfg = Release|Any CPU
		{79449EBE-63CB-4F44-AB21-71C416FF7B74}.Release|Any CPU.Build.0 = Release|Any CPU
		{6687BA68-C370-4688-AA94-9F89A60B4FEB}.Debug|Any CPU.ActiveCfg = Debug|Any CPU
		{6687BA68-C370-4688-AA94-9F89A60B4FEB}.Debug|Any CPU.Build.0 = Debug|Any CPU
		{6687BA68-C370-4688-AA94-9F89A60B4FEB}.Release|Any CPU.ActiveCfg = Release|Any CPU
		{6687BA68-C370-4688-AA94-9F89A60B4FEB}.Release|Any CPU.Build.0 = Release|Any CPU
	EndGlobalSection
	GlobalSection(SolutionProperties) = preSolution
		HideSolutionNode = FALSE
	EndGlobalSection
EndGlobal
